github.com/davecgh/go-spew v1.1.1/go.mod h1:J7Y8YcW2NihsgmVo/mv3lAwl/skON4iLHjSsI+c5H38=
github.com/gobwas/httphead v0.0.0-20180130184737-2c6c146eadee h1:s+21KNqlpePfkah2I+gwHF8xmJWRjooY+5248k6m4A0=
github.com/gobwas/httphead v0.0.0-20180130184737-2c6c146eadee/go.mod h1:L0fX3K22YWvt/FAX9NnzrNzcI4wNYi9Yku4O0LKYflo=
github.com/gobwas/pool v0.2.0 h1:QEmUOlnSjWtnpRGHF3SauEiOsy82Cup83Vf2LcMlnc8=
github.com/gobwas/pool v0.2.0/go.mod h1:q8bcK0KcYlCgd9e7WYLm9LpyS+YeLd8JVDW6WezmKEw=
github.com/gobwas/ws v1.0.1 h1:iYpM3WoNpsexO6bqCN1MnvVRylnKg6278zivIZDRXUM=
github.com/gobwas/ws v1.0.1/go.mod h1:szmBTxLgaFppYjEmNtny/v3w89xOydFnnZMcgRRu/EM=
github.com/gorilla/websocket v1.4.0 h1:WDFjx/TMzVgy9VdMMQi2K2Emtwi2QcUQsztZ/zLaH/Q=
github.com/gorilla/websocket v1.4.0/go.mod h1:E7qHFY5m1UJ88s3WnNqhKjPHQ0heANvMoAMk2YaljkQ=
github.com/iris-contrib/go.uuid v2.0.0+incompatible h1:XZubAYg61/JwnJNbZilGjf3b3pB80+OQg2qf6c8BfWE=
github.com/iris-contrib/go.uuid v2.0.0+incompatible/go.mod h1:iz2lgM/1UnEf1kP0L/+fafWORmlnuysV2EMP8MW+qe0=
github.com/mediocregopher/mediocre-go-lib v0.0.0-20181029021733-cb65787f37ed/go.mod h1:dSsfyI2zABAdhcbvkXqgxOxrCsbYeHCPgrZkku60dSg=
github.com/mediocregopher/radix/v3 v3.3.0 h1:oacPXPKHJg0hcngVVrdtTnfGJiS+PtwoQwTBZGFlV4k=
github.com/mediocregopher/radix/v3 v3.3.0/go.mod h1:EmfVyvspXz1uZEyPBMyGK+kjWiKQGvsUt6O3Pj+LDCQ=
github.com/pmezard/go-difflib v1.0.0/go.mod h1:iKH77koFhYxTK1pcRnkKkqfTogsbg7gZNVY4sRDYZ/4=
github.com/stretchr/testify v1.2.2/go.mod h1:a8OnRcib4nhh0OaRAV+Yts87kKdq0PP7pXfy6kDkUVs=
